{
    "name": "keela-outlook",
    "version": "0.1.0",
    "lockfileVersion": 2,
    "requires": true,
    "packages": {
        "": {
            "name": "keela-outlook",
            "version": "0.1.0",
            "dependencies": {
                "office-ui-fabric-js": "^1.5.0"
            },
            "devDependencies": {
                "@microsoft/microsoft-graph-types": "^2.25.0",
                "@types/jquery": "^3.5.14",
                "@types/luxon": "^3.0.1",
                "@types/office-js": "^1.0.289",
                "typescript": "^4.8.4"
            }
        },
        "node_modules/@microsoft/microsoft-graph-types": {
            "version": "2.25.0",
            "resolved": "https://registry.npmjs.org/@microsoft/microsoft-graph-types/-/microsoft-graph-types-2.25.0.tgz",
            "integrity": "sha512-H/HK4MsRJ1H+G/HwbU/z225BKwzoMU3fawD8xivGxDgyGIDzdZf07Ruz/wPSM+tSJJin/swz3TwFllxveduG8Q==",
            "dev": true
        },
        "node_modules/@types/jquery": {
            "version": "3.5.14",
            "resolved": "https://registry.npmjs.org/@types/jquery/-/jquery-3.5.14.tgz",
            "integrity": "sha512-X1gtMRMbziVQkErhTQmSe2jFwwENA/Zr+PprCkF63vFq+Yt5PZ4AlKqgmeNlwgn7dhsXEK888eIW2520EpC+xg==",
            "dev": true,
            "dependencies": {
                "@types/sizzle": "*"
            }
        },
        "node_modules/@types/luxon": {
            "version": "3.0.1",
            "resolved": "https://registry.npmjs.org/@types/luxon/-/luxon-3.0.1.tgz",
            "integrity": "sha512-/LAvk1cMOJt0ghzMFrZEvByUhsiEfeeT2IF53Le+Ki3A538yEL9pRZ7a6MuCxdrYK+YNqNIDmrKU/r2nnw04zQ==",
            "dev": true
        },
        "node_modules/@types/office-js": {
            "version": "1.0.289",
            "resolved": "https://registry.npmjs.org/@types/office-js/-/office-js-1.0.289.tgz",
            "integrity": "sha512-+2jcQA/Pp6RKqUtxWBpZCsCVYQi6mtXPcEnU2rrXU/JKjaTT+z6cnr/OjjFlLafAadSxZvUcW4d2/dQZBDdoTA==",
            "dev": true
        },
        "node_modules/@types/sizzle": {
            "version": "2.3.3",
            "resolved": "https://registry.npmjs.org/@types/sizzle/-/sizzle-2.3.3.tgz",
            "integrity": "sha512-JYM8x9EGF163bEyhdJBpR2QX1R5naCJHC8ucJylJ3w9/CVBaskdQ8WqBf8MmQrd1kRvp/a4TS8HJ+bxzR7ZJYQ==",
            "dev": true
        },
        "node_modules/office-ui-fabric-core": {
            "version": "5.0.1",
            "resolved": "https://registry.npmjs.org/office-ui-fabric-core/-/office-ui-fabric-core-5.0.1.tgz",
            "integrity": "sha512-ivjSD46se6asWQtWFkYst1Mi4ZZpbxQd/fxRquHzilS0dfMQd45/Pw6lU4n+FNmAhgvXiyNcJ8CG962gvMs0Ng=="
        },
        "node_modules/office-ui-fabric-js": {
            "version": "1.5.0",
            "resolved": "https://registry.npmjs.org/office-ui-fabric-js/-/office-ui-fabric-js-1.5.0.tgz",
            "integrity": "sha512-8DIMFPI7rtEw/HXtbl9pgOfXCU8OSeXektfykQIFz9TDySTOm1l1jT/HywBal7aD7VuulzmWhPoCUYEaRQhkZQ==",
            "dependencies": {
                "office-ui-fabric-core": "5.0.1"
            }
        },
        "node_modules/typescript": {
            "version": "4.8.4",
            "resolved": "https://registry.npmjs.org/typescript/-/typescript-4.8.4.tgz",
            "integrity": "sha512-QCh+85mCy+h0IGff8r5XWzOVSbBO+KfeYrMQh7NJ58QujwcE22u+NUSmUxqF+un70P9GXKxa2HCNiTTMJknyjQ==",
            "dev": true,
            "bin": {
                "tsc": "bin/tsc",
                "tsserver": "bin/tsserver"
            },
            "engines": {
                "node": ">=4.2.0"
            }
        }
    },
    "dependencies": {
        "@microsoft/microsoft-graph-types": {
            "version": "2.25.0",
            "resolved": "https://registry.npmjs.org/@microsoft/microsoft-graph-types/-/microsoft-graph-types-2.25.0.tgz",
            "integrity": "sha512-H/HK4MsRJ1H+G/HwbU/z225BKwzoMU3fawD8xivGxDgyGIDzdZf07Ruz/wPSM+tSJJin/swz3TwFllxveduG8Q==",
            "dev": true
        },
        "@types/jquery": {
            "version": "3.5.14",
            "resolved": "https://registry.npmjs.org/@types/jquery/-/jquery-3.5.14.tgz",
            "integrity": "sha512-X1gtMRMbziVQkErhTQmSe2jFwwENA/Zr+PprCkF63vFq+Yt5PZ4AlKqgmeNlwgn7dhsXEK888eIW2520EpC+xg==",
            "dev": true,
            "requires": {
                "@types/sizzle": "*"
            }
        },
        "@types/luxon": {
            "version": "3.0.1",
            "resolved": "https://registry.npmjs.org/@types/luxon/-/luxon-3.0.1.tgz",
            "integrity": "sha512-/LAvk1cMOJt0ghzMFrZEvByUhsiEfeeT2IF53Le+Ki3A538yEL9pRZ7a6MuCxdrYK+YNqNIDmrKU/r2nnw04zQ==",
            "dev": true
        },
        "@types/office-js": {
            "version": "1.0.289",
            "resolved": "https://registry.npmjs.org/@types/office-js/-/office-js-1.0.289.tgz",
            "integrity": "sha512-+2jcQA/Pp6RKqUtxWBpZCsCVYQi6mtXPcEnU2rrXU/JKjaTT+z6cnr/OjjFlLafAadSxZvUcW4d2/dQZBDdoTA==",
            "dev": true
        },
        "@types/sizzle": {
            "version": "2.3.3",
            "resolved": "https://registry.npmjs.org/@types/sizzle/-/sizzle-2.3.3.tgz",
            "integrity": "sha512-JYM8x9EGF163bEyhdJBpR2QX1R5naCJHC8ucJylJ3w9/CVBaskdQ8WqBf8MmQrd1kRvp/a4TS8HJ+bxzR7ZJYQ==",
            "dev": true
        },
        "office-ui-fabric-core": {
            "version": "5.0.1",
            "resolved": "https://registry.npmjs.org/office-ui-fabric-core/-/office-ui-fabric-core-5.0.1.tgz",
            "integrity": "sha512-ivjSD46se6asWQtWFkYst1Mi4ZZpbxQd/fxRquHzilS0dfMQd45/Pw6lU4n+FNmAhgvXiyNcJ8CG962gvMs0Ng=="
        },
        "office-ui-fabric-js": {
            "version": "1.5.0",
            "resolved": "https://registry.npmjs.org/office-ui-fabric-js/-/office-ui-fabric-js-1.5.0.tgz",
            "integrity": "sha512-8DIMFPI7rtEw/HXtbl9pgOfXCU8OSeXektfykQIFz9TDySTOm1l1jT/HywBal7aD7VuulzmWhPoCUYEaRQhkZQ==",
            "requires": {
                "office-ui-fabric-core": "5.0.1"
            }
        },
        "typescript": {
            "version": "4.8.4",
            "resolved": "https://registry.npmjs.org/typescript/-/typescript-4.8.4.tgz",
            "integrity": "sha512-QCh+85mCy+h0IGff8r5XWzOVSbBO+KfeYrMQh7NJ58QujwcE22u+NUSmUxqF+un70P9GXKxa2HCNiTTMJknyjQ==",
            "dev": true
        }
    }
}
